PODS:
  - Alamofire (4.5.1)
  - Firebase (4.3.0):
    - Firebase/Core (= 4.3.0)
  - Firebase/Core (4.3.0):
    - FirebaseAnalytics (= 4.0.4)
    - FirebaseCore (= 4.0.8)
  - FirebaseAnalytics (4.0.4):
    - FirebaseCore (~> 4.0)
    - FirebaseInstanceID (~> 2.0)
    - GoogleToolboxForMac/NSData+zlib (~> 2.1)
    - nanopb (~> 0.3)
  - FirebaseCore (4.0.8):
    - GoogleToolboxForMac/NSData+zlib (~> 2.1)
    - nanopb (~> 0.3)
  - FirebaseInstanceID (2.0.4)
  - GoogleToolboxForMac/Defines (2.1.1)
  - GoogleToolboxForMac/NSData+zlib (2.1.1):
    - GoogleToolboxForMac/Defines (= 2.1.1)
  - Moya (9.0.0):
    - Moya/Core (= 9.0.0)
  - Moya/Core (9.0.0):
    - Alamofire (~> 4.1)
    - Result (~> 3.0)
  - nanopb (0.3.8):
    - nanopb/decode (= 0.3.8)
    - nanopb/encode (= 0.3.8)
  - nanopb/decode (0.3.8)
  - nanopb/encode (0.3.8)
  - Realm (2.10.2):
    - Realm/Headers (= 2.10.2)
  - Realm/Headers (2.10.2)
  - RealmSwift (2.10.2):
    - Realm (= 2.10.2)
  - Result (3.2.4)
  - UICircularProgressRing (1.7.4)

DEPENDENCIES:
  - Firebase
  - Moya (~> 9.0.0)
  - RealmSwift (~> 2.10.1)
  - Result
  - UICircularProgressRing

SPEC CHECKSUMS:
  Alamofire: 2d95912bf4c34f164fdfc335872e8c312acaea4a
  Firebase: 83283761a1ef6dc9846e03d08059f51421afbd65
  FirebaseAnalytics: 722b53c7b32bfc7806b06e0093a2f5180d4f2c5a
  FirebaseCore: 69b1a5ac5f857ba6d5fd9d5fe794f4786dd5e579
  FirebaseInstanceID: 70c2b877e9338971b2429ea5a4293df6961aa44e
  GoogleToolboxForMac: 8e329f1b599f2512c6b10676d45736bcc2cbbeb0
  Moya: cf5e6ee93af526532f92614004b8ad2ea60fd845
  nanopb: 5601e6bca2dbf1ed831b519092ec110f66982ca3
  Realm: 0ef72b837fb67e9f4b098bac771ddd72c7fdbb69
  RealmSwift: 07a9ae0505091eda6b2ee7c190c3786d6e90a7b0
  Result: d2d07204ce72856f1fd9130bbe42c35a7b0fea10
  UICircularProgressRing: 5aca63423d913dc967661370e94e2af0770dd9cd

PODFILE CHECKSUM: ed03e0e7a01ffaf503f67d86a64d7f35ae8b319a

COCOAPODS: 1.1.1
