PODS:
  - Alamofire (4.5.1)
  - Moya (9.0.0):
    - Moya/Core (= 9.0.0)
  - Moya/Core (9.0.0):
    - Alamofire (~> 4.1)
    - Result (~> 3.0)
  - Realm (2.10.2):
    - Realm/Headers (= 2.10.2)
  - Realm/Headers (2.10.2)
  - RealmSwift (2.10.2):
    - Realm (= 2.10.2)
  - Result (3.2.4)
  - UICircularProgressRing (1.7.4)

DEPENDENCIES:
  - Moya (~> 9.0.0)
  - RealmSwift (~> 2.10.1)
  - Result
  - UICircularProgressRing

SPEC CHECKSUMS:
  Alamofire: 2d95912bf4c34f164fdfc335872e8c312acaea4a
  Moya: cf5e6ee93af526532f92614004b8ad2ea60fd845
  Realm: 0ef72b837fb67e9f4b098bac771ddd72c7fdbb69
  RealmSwift: 07a9ae0505091eda6b2ee7c190c3786d6e90a7b0
  Result: d2d07204ce72856f1fd9130bbe42c35a7b0fea10
  UICircularProgressRing: 5aca63423d913dc967661370e94e2af0770dd9cd

PODFILE CHECKSUM: 73233312421444ce309f3430dffc7cf1847afdc0

COCOAPODS: 1.2.1
